
Microsoft Visual Studio Solution File, Format Version 12.00
# Visual Studio Version 17
VisualStudioVersion = 17.12.35728.132
MinimumVisualStudioVersion = 10.0.40219.1
Project("{2150E333-8FDC-42A3-9474-1A3956D46DE8}") = "Biblioteca", "Biblioteca", "{75FC8289-5B1E-4684-8497-54494382FA55}"
	ProjectSection(SolutionItems) = preProject
		.nuget\NuGet.targets = .nuget\NuGet.targets
	EndProjectSection
EndProject
Project("{2150E333-8FDC-42A3-9474-1A3956D46DE8}") = "Arquivos", "Arquivos", "{75C4F877-9574-43BA-9844-EAEC221DC0FA}"
EndProject
Project("{2150E333-8FDC-42A3-9474-1A3956D46DE8}") = "Impressão", "Impressão", "{093054D8-8738-4790-87CC-25378443A115}"
EndProject
Project("{2150E333-8FDC-42A3-9474-1A3956D46DE8}") = "Plugins", "Plugins", "{D42D7DE1-FD70-47FD-903C-1FE7682FE900}"
EndProject
Project("{2150E333-8FDC-42A3-9474-1A3956D46DE8}") = ".nuget", ".nuget", "{35783397-4008-4BA3-AEFB-244A091B3B8D}"
	ProjectSection(SolutionItems) = preProject
		Leiame.txt = Leiame.txt
		.nuget\NuGet.Config = .nuget\NuGet.Config
		.nuget\NuGet.exe = .nuget\NuGet.exe
	EndProjectSection
EndProject
Project("{2150E333-8FDC-42A3-9474-1A3956D46DE8}") = "Testes", "Testes", "{8C6CE2CA-61F8-489B-A803-27437835E300}"
EndProject
Project("{2150E333-8FDC-42A3-9474-1A3956D46DE8}") = "MVC", "MVC", "{717CBD6F-C429-445D-95B0-191CEAA7A088}"
EndProject
Project("{FAE04EC0-301F-11D3-BF4B-00C04F79EFBC}") = "Boleto.Net", "Boleto.Net\Boleto.Net.csproj", "{F173E80B-E36B-48AD-B483-A27F8CA86F3C}"
EndProject
Project("{FAE04EC0-301F-11D3-BF4B-00C04F79EFBC}") = "Boleto.Net.Arquivo", "Boleto.Net.Arquivo\Boleto.Net.Arquivo.csproj", "{98AD1B9D-47F5-432C-85BD-49A12FBD7CAD}"
EndProject
Project("{FAE04EC0-301F-11D3-BF4B-00C04F79EFBC}") = "Boleto.Net.Testes", "Boleto.Net.Testes\Boleto.Net.Testes.csproj", "{92951948-996F-4F22-AB35-74B06C45E1D4}"
EndProject
Project("{2150E333-8FDC-42A3-9474-1A3956D46DE8}") = "Homologação", "Homologação", "{30296D8F-712C-4CDA-AAB6-98D0630F2AA3}"
EndProject
Project("{FAE04EC0-301F-11D3-BF4B-00C04F79EFBC}") = "Boleto.Net.Homologacao", "Boleto.Net.Homologacao\Boleto.Net.Homologacao.csproj", "{208427D8-AAA8-4F5E-991C-EE7A62541686}"
EndProject
Project("{2150E333-8FDC-42A3-9474-1A3956D46DE8}") = "Wi2", "Wi2", "{C830E8F8-20C1-4C58-AA4A-FE84ADFDD915}"
EndProject
Project("{FAE04EC0-301F-11D3-BF4B-00C04F79EFBC}") = "BoletoNet.Wi2", "BoletoNet.Wi2\BoletoNet.Wi2.csproj", "{4F4FF43F-0748-4F59-9442-60568FC59C47}"
EndProject
Project("{2150E333-8FDC-42A3-9474-1A3956D46DE8}") = "WebSite", "WebSite", "{38374099-3310-458B-A194-D9485D72C267}"
EndProject
Project("{FAE04EC0-301F-11D3-BF4B-00C04F79EFBC}") = "PdfGeneratorx64", "PdfGeneratorx64\PdfGeneratorx64.csproj", "{4E6B60CC-0CB7-45CA-B225-35092ADEB626}"
EndProject
Global
	GlobalSection(SolutionConfigurationPlatforms) = preSolution
		Debug|Any CPU = Debug|Any CPU
		Debug|ARM64 = Debug|ARM64
		Debug|Mixed Platforms = Debug|Mixed Platforms
		Debug|x64 = Debug|x64
		Debug|x86 = Debug|x86
		Release|Any CPU = Release|Any CPU
		Release|ARM64 = Release|ARM64
		Release|Mixed Platforms = Release|Mixed Platforms
		Release|x64 = Release|x64
		Release|x86 = Release|x86
	EndGlobalSection
	GlobalSection(ProjectConfigurationPlatforms) = postSolution
		{F173E80B-E36B-48AD-B483-A27F8CA86F3C}.Debug|Any CPU.ActiveCfg = Debug|x86
		{F173E80B-E36B-48AD-B483-A27F8CA86F3C}.Debug|Any CPU.Build.0 = Debug|x86
		{F173E80B-E36B-48AD-B483-A27F8CA86F3C}.Debug|ARM64.ActiveCfg = Debug|Any CPU
		{F173E80B-E36B-48AD-B483-A27F8CA86F3C}.Debug|ARM64.Build.0 = Debug|Any CPU
		{F173E80B-E36B-48AD-B483-A27F8CA86F3C}.Debug|Mixed Platforms.ActiveCfg = Debug|Any CPU
		{F173E80B-E36B-48AD-B483-A27F8CA86F3C}.Debug|Mixed Platforms.Build.0 = Debug|Any CPU
		{F173E80B-E36B-48AD-B483-A27F8CA86F3C}.Debug|x64.ActiveCfg = Debug|x86
		{F173E80B-E36B-48AD-B483-A27F8CA86F3C}.Debug|x64.Build.0 = Debug|x86
		{F173E80B-E36B-48AD-B483-A27F8CA86F3C}.Debug|x86.ActiveCfg = Debug|x86
		{F173E80B-E36B-48AD-B483-A27F8CA86F3C}.Debug|x86.Build.0 = Debug|x86
		{F173E80B-E36B-48AD-B483-A27F8CA86F3C}.Release|Any CPU.ActiveCfg = Release|Any CPU
		{F173E80B-E36B-48AD-B483-A27F8CA86F3C}.Release|Any CPU.Build.0 = Release|Any CPU
		{F173E80B-E36B-48AD-B483-A27F8CA86F3C}.Release|ARM64.ActiveCfg = Release|Any CPU
		{F173E80B-E36B-48AD-B483-A27F8CA86F3C}.Release|ARM64.Build.0 = Release|Any CPU
		{F173E80B-E36B-48AD-B483-A27F8CA86F3C}.Release|Mixed Platforms.ActiveCfg = Release|Any CPU
		{F173E80B-E36B-48AD-B483-A27F8CA86F3C}.Release|Mixed Platforms.Build.0 = Release|Any CPU
		{F173E80B-E36B-48AD-B483-A27F8CA86F3C}.Release|x64.ActiveCfg = Release|x86
		{F173E80B-E36B-48AD-B483-A27F8CA86F3C}.Release|x64.Build.0 = Release|x86
		{F173E80B-E36B-48AD-B483-A27F8CA86F3C}.Release|x86.ActiveCfg = Release|x86
		{F173E80B-E36B-48AD-B483-A27F8CA86F3C}.Release|x86.Build.0 = Release|x86
		{98AD1B9D-47F5-432C-85BD-49A12FBD7CAD}.Debug|Any CPU.ActiveCfg = Debug|x86
		{98AD1B9D-47F5-432C-85BD-49A12FBD7CAD}.Debug|ARM64.ActiveCfg = Debug|Any CPU
		{98AD1B9D-47F5-432C-85BD-49A12FBD7CAD}.Debug|ARM64.Build.0 = Debug|Any CPU
		{98AD1B9D-47F5-432C-85BD-49A12FBD7CAD}.Debug|Mixed Platforms.ActiveCfg = Debug|Any CPU
		{98AD1B9D-47F5-432C-85BD-49A12FBD7CAD}.Debug|Mixed Platforms.Build.0 = Debug|Any CPU
		{98AD1B9D-47F5-432C-85BD-49A12FBD7CAD}.Debug|x64.ActiveCfg = Debug|x86
		{98AD1B9D-47F5-432C-85BD-49A12FBD7CAD}.Debug|x64.Build.0 = Debug|x86
		{98AD1B9D-47F5-432C-85BD-49A12FBD7CAD}.Debug|x86.ActiveCfg = Debug|x86
		{98AD1B9D-47F5-432C-85BD-49A12FBD7CAD}.Debug|x86.Build.0 = Debug|x86
		{98AD1B9D-47F5-432C-85BD-49A12FBD7CAD}.Release|Any CPU.ActiveCfg = Release|Any CPU
		{98AD1B9D-47F5-432C-85BD-49A12FBD7CAD}.Release|Any CPU.Build.0 = Release|Any CPU
		{98AD1B9D-47F5-432C-85BD-49A12FBD7CAD}.Release|ARM64.ActiveCfg = Release|Any CPU
		{98AD1B9D-47F5-432C-85BD-49A12FBD7CAD}.Release|ARM64.Build.0 = Release|Any CPU
		{98AD1B9D-47F5-432C-85BD-49A12FBD7CAD}.Release|Mixed Platforms.ActiveCfg = Release|Any CPU
		{98AD1B9D-47F5-432C-85BD-49A12FBD7CAD}.Release|Mixed Platforms.Build.0 = Release|Any CPU
		{98AD1B9D-47F5-432C-85BD-49A12FBD7CAD}.Release|x64.ActiveCfg = Release|x86
		{98AD1B9D-47F5-432C-85BD-49A12FBD7CAD}.Release|x64.Build.0 = Release|x86
		{98AD1B9D-47F5-432C-85BD-49A12FBD7CAD}.Release|x86.ActiveCfg = Release|x86
		{98AD1B9D-47F5-432C-85BD-49A12FBD7CAD}.Release|x86.Build.0 = Release|x86
		{92951948-996F-4F22-AB35-74B06C45E1D4}.Debug|Any CPU.ActiveCfg = Debug|x86
		{92951948-996F-4F22-AB35-74B06C45E1D4}.Debug|Any CPU.Build.0 = Debug|x86
		{92951948-996F-4F22-AB35-74B06C45E1D4}.Debug|ARM64.ActiveCfg = Debug|Any CPU
		{92951948-996F-4F22-AB35-74B06C45E1D4}.Debug|ARM64.Build.0 = Debug|Any CPU
		{92951948-996F-4F22-AB35-74B06C45E1D4}.Debug|Mixed Platforms.ActiveCfg = Debug|Any CPU
		{92951948-996F-4F22-AB35-74B06C45E1D4}.Debug|Mixed Platforms.Build.0 = Debug|Any CPU
		{92951948-996F-4F22-AB35-74B06C45E1D4}.Debug|x64.ActiveCfg = Debug|x86
		{92951948-996F-4F22-AB35-74B06C45E1D4}.Debug|x64.Build.0 = Debug|x86
		{92951948-996F-4F22-AB35-74B06C45E1D4}.Debug|x86.ActiveCfg = Debug|x86
		{92951948-996F-4F22-AB35-74B06C45E1D4}.Debug|x86.Build.0 = Debug|x86
		{92951948-996F-4F22-AB35-74B06C45E1D4}.Release|Any CPU.ActiveCfg = Release|Any CPU
		{92951948-996F-4F22-AB35-74B06C45E1D4}.Release|Any CPU.Build.0 = Release|Any CPU
		{92951948-996F-4F22-AB35-74B06C45E1D4}.Release|ARM64.ActiveCfg = Release|Any CPU
		{92951948-996F-4F22-AB35-74B06C45E1D4}.Release|ARM64.Build.0 = Release|Any CPU
		{92951948-996F-4F22-AB35-74B06C45E1D4}.Release|Mixed Platforms.ActiveCfg = Release|Any CPU
		{92951948-996F-4F22-AB35-74B06C45E1D4}.Release|Mixed Platforms.Build.0 = Release|Any CPU
		{92951948-996F-4F22-AB35-74B06C45E1D4}.Release|x64.ActiveCfg = Release|x86
		{92951948-996F-4F22-AB35-74B06C45E1D4}.Release|x64.Build.0 = Release|x86
		{92951948-996F-4F22-AB35-74B06C45E1D4}.Release|x86.ActiveCfg = Release|x86
		{92951948-996F-4F22-AB35-74B06C45E1D4}.Release|x86.Build.0 = Release|x86
		{208427D8-AAA8-4F5E-991C-EE7A62541686}.Debug|Any CPU.ActiveCfg = Debug|x86
		{208427D8-AAA8-4F5E-991C-EE7A62541686}.Debug|ARM64.ActiveCfg = Debug|Any CPU
		{208427D8-AAA8-4F5E-991C-EE7A62541686}.Debug|ARM64.Build.0 = Debug|Any CPU
		{208427D8-AAA8-4F5E-991C-EE7A62541686}.Debug|Mixed Platforms.ActiveCfg = Debug|Any CPU
		{208427D8-AAA8-4F5E-991C-EE7A62541686}.Debug|Mixed Platforms.Build.0 = Debug|Any CPU
		{208427D8-AAA8-4F5E-991C-EE7A62541686}.Debug|x64.ActiveCfg = Debug|x86
		{208427D8-AAA8-4F5E-991C-EE7A62541686}.Debug|x64.Build.0 = Debug|x86
		{208427D8-AAA8-4F5E-991C-EE7A62541686}.Debug|x86.ActiveCfg = Debug|x86
		{208427D8-AAA8-4F5E-991C-EE7A62541686}.Debug|x86.Build.0 = Debug|x86
		{208427D8-AAA8-4F5E-991C-EE7A62541686}.Release|Any CPU.ActiveCfg = Release|Any CPU
		{208427D8-AAA8-4F5E-991C-EE7A62541686}.Release|Any CPU.Build.0 = Release|Any CPU
		{208427D8-AAA8-4F5E-991C-EE7A62541686}.Release|ARM64.ActiveCfg = Release|Any CPU
		{208427D8-AAA8-4F5E-991C-EE7A62541686}.Release|ARM64.Build.0 = Release|Any CPU
		{208427D8-AAA8-4F5E-991C-EE7A62541686}.Release|Mixed Platforms.ActiveCfg = Release|Any CPU
		{208427D8-AAA8-4F5E-991C-EE7A62541686}.Release|Mixed Platforms.Build.0 = Release|Any CPU
		{208427D8-AAA8-4F5E-991C-EE7A62541686}.Release|x64.ActiveCfg = Release|x86
		{208427D8-AAA8-4F5E-991C-EE7A62541686}.Release|x64.Build.0 = Release|x86
		{208427D8-AAA8-4F5E-991C-EE7A62541686}.Release|x86.ActiveCfg = Release|x86
		{208427D8-AAA8-4F5E-991C-EE7A62541686}.Release|x86.Build.0 = Release|x86
		{4F4FF43F-0748-4F59-9442-60568FC59C47}.Debug|Any CPU.ActiveCfg = Debug|x86
		{4F4FF43F-0748-4F59-9442-60568FC59C47}.Debug|Any CPU.Build.0 = Debug|x86
		{4F4FF43F-0748-4F59-9442-60568FC59C47}.Debug|ARM64.ActiveCfg = Debug|Any CPU
		{4F4FF43F-0748-4F59-9442-60568FC59C47}.Debug|ARM64.Build.0 = Debug|Any CPU
		{4F4FF43F-0748-4F59-9442-60568FC59C47}.Debug|Mixed Platforms.ActiveCfg = Debug|Any CPU
		{4F4FF43F-0748-4F59-9442-60568FC59C47}.Debug|Mixed Platforms.Build.0 = Debug|Any CPU
		{4F4FF43F-0748-4F59-9442-60568FC59C47}.Debug|x64.ActiveCfg = Debug|x86
		{4F4FF43F-0748-4F59-9442-60568FC59C47}.Debug|x64.Build.0 = Debug|x86
		{4F4FF43F-0748-4F59-9442-60568FC59C47}.Debug|x86.ActiveCfg = Debug|x86
		{4F4FF43F-0748-4F59-9442-60568FC59C47}.Debug|x86.Build.0 = Debug|x86
		{4F4FF43F-0748-4F59-9442-60568FC59C47}.Release|Any CPU.ActiveCfg = Release|Any CPU
		{4F4FF43F-0748-4F59-9442-60568FC59C47}.Release|Any CPU.Build.0 = Release|Any CPU
		{4F4FF43F-0748-4F59-9442-60568FC59C47}.Release|ARM64.ActiveCfg = Release|Any CPU
		{4F4FF43F-0748-4F59-9442-60568FC59C47}.Release|ARM64.Build.0 = Release|Any CPU
		{4F4FF43F-0748-4F59-9442-60568FC59C47}.Release|Mixed Platforms.ActiveCfg = Release|Any CPU
		{4F4FF43F-0748-4F59-9442-60568FC59C47}.Release|Mixed Platforms.Build.0 = Release|Any CPU
		{4F4FF43F-0748-4F59-9442-60568FC59C47}.Release|x64.ActiveCfg = Release|x86
		{4F4FF43F-0748-4F59-9442-60568FC59C47}.Release|x64.Build.0 = Release|x86
		{4F4FF43F-0748-4F59-9442-60568FC59C47}.Release|x86.ActiveCfg = Release|x86
		{4F4FF43F-0748-4F59-9442-60568FC59C47}.Release|x86.Build.0 = Release|x86
		{4E6B60CC-0CB7-45CA-B225-35092ADEB626}.Debug|Any CPU.ActiveCfg = Debug|x86
		{4E6B60CC-0CB7-45CA-B225-35092ADEB626}.Debug|Any CPU.Build.0 = Debug|x86
		{4E6B60CC-0CB7-45CA-B225-35092ADEB626}.Debug|ARM64.ActiveCfg = Debug|x86
		{4E6B60CC-0CB7-45CA-B225-35092ADEB626}.Debug|Mixed Platforms.ActiveCfg = Debug|x86
		{4E6B60CC-0CB7-45CA-B225-35092ADEB626}.Debug|x64.ActiveCfg = Debug|x86
		{4E6B60CC-0CB7-45CA-B225-35092ADEB626}.Debug|x64.Build.0 = Debug|x86
		{4E6B60CC-0CB7-45CA-B225-35092ADEB626}.Debug|x86.ActiveCfg = Debug|x86
		{4E6B60CC-0CB7-45CA-B225-35092ADEB626}.Debug|x86.Build.0 = Debug|x86
		{4E6B60CC-0CB7-45CA-B225-35092ADEB626}.Release|Any CPU.ActiveCfg = Release|x86
		{4E6B60CC-0CB7-45CA-B225-35092ADEB626}.Release|ARM64.ActiveCfg = Release|x86
		{4E6B60CC-0CB7-45CA-B225-35092ADEB626}.Release|Mixed Platforms.ActiveCfg = Release|x86
		{4E6B60CC-0CB7-45CA-B225-35092ADEB626}.Release|x64.ActiveCfg = Release|x86
		{4E6B60CC-0CB7-45CA-B225-35092ADEB626}.Release|x86.ActiveCfg = Release|x86
		{4E6B60CC-0CB7-45CA-B225-35092ADEB626}.Release|x86.Build.0 = Release|x86
	EndGlobalSection
	GlobalSection(SolutionProperties) = preSolution
		HideSolutionNode = FALSE
	EndGlobalSection
	GlobalSection(NestedProjects) = preSolution
		{717CBD6F-C429-445D-95B0-191CEAA7A088} = {093054D8-8738-4790-87CC-25378443A115}
		{F173E80B-E36B-48AD-B483-A27F8CA86F3C} = {75FC8289-5B1E-4684-8497-54494382FA55}
		{98AD1B9D-47F5-432C-85BD-49A12FBD7CAD} = {75C4F877-9574-43BA-9844-EAEC221DC0FA}
		{92951948-996F-4F22-AB35-74B06C45E1D4} = {8C6CE2CA-61F8-489B-A803-27437835E300}
		{208427D8-AAA8-4F5E-991C-EE7A62541686} = {30296D8F-712C-4CDA-AAB6-98D0630F2AA3}
		{4F4FF43F-0748-4F59-9442-60568FC59C47} = {C830E8F8-20C1-4C58-AA4A-FE84ADFDD915}
		{38374099-3310-458B-A194-D9485D72C267} = {093054D8-8738-4790-87CC-25378443A115}
		{4E6B60CC-0CB7-45CA-B225-35092ADEB626} = {C830E8F8-20C1-4C58-AA4A-FE84ADFDD915}
	EndGlobalSection
EndGlobal
